<?xml version="1.0" encoding="utf-8"?>
<Project ToolsVersion="4.0" xmlns="http://schemas.microsoft.com/developer/msbuild/2003">
  <ItemGroup>
    <Filter Include="framework">
      <UniqueIdentifier>{a81408f4-9f50-46cb-b057-f68be319daa0}</UniqueIdentifier>
    </Filter>
    <Filter Include="framework\xvmem">
      <UniqueIdentifier>{addf2b9c-a3c2-4b77-9d2b-083c49cbd34c}</UniqueIdentifier>
    </Filter>
    <Filter Include="framework\foundations">
      <UniqueIdentifier>{bae6030a-221b-4be8-b0dc-260a31207d03}</UniqueIdentifier>
    </Filter>
    <Filter Include="Headers">
      <UniqueIdentifier>{93995380-89BD-4b04-88EB-625FBE52EBFB}</UniqueIdentifier>
      <Extensions>h;hh;hpp;hxx;h++;hm;inl;inc;ipp;xsd</Extensions>
    </Filter>
    <Filter Include="Sources">
      <UniqueIdentifier>{4FC737F1-C7A5-4376-A066-2A32D752A2FF}</UniqueIdentifier>
      <Extensions>cpp;c;cc;cxx;c++;cppm;ixx;def;odl;idl;hpj;bat;asm;asmx</Extensions>
    </Filter>
  </ItemGroup>
  <ItemGroup>
    <ClCompile Include="BookChapterVerseMap.cpp">
      <Filter>Sources</Filter>
    </ClCompile>
    <ClCompile Include="CLexIndex.cpp">
      <Filter>Sources</Filter>
    </ClCompile>
    <ClCompile Include="fivebitencoding.cpp">
      <Filter>Sources</Filter>
    </ClCompile>
    <ClCompile Include="search.cpp">
      <Filter>Sources</Filter>
    </ClCompile>
    <ClCompile Include="slicable.cpp">
      <Filter>Sources</Filter>
    </ClCompile>
    <ClCompile Include="XBitArray.cpp">
      <Filter>Sources</Filter>
    </ClCompile>
    <ClCompile Include="xvmem\XVMem.cpp">
      <Filter>framework\xvmem</Filter>
    </ClCompile>
    <ClCompile Include="xvmem\XVMem_windows.cpp">
      <Filter>framework\xvmem</Filter>
    </ClCompile>
    <ClCompile Include="DigitalAV.cpp">
      <Filter>framework</Filter>
    </ClCompile>
    <ClCompile Include="directory.cpp">
      <Filter>Sources</Filter>
    </ClCompile>
    <ClCompile Include="md5.cpp">
      <Filter>Sources</Filter>
    </ClCompile>
  </ItemGroup>
  <ItemGroup>
    <ClInclude Include="BookChapterVerseMap.h">
      <Filter>Headers</Filter>
    </ClInclude>
    <ClInclude Include="CLexIndex.h">
      <Filter>Headers</Filter>
    </ClInclude>
    <ClInclude Include="Feature.h">
      <Filter>Headers</Filter>
    </ClInclude>
    <ClInclude Include="FeatureSpec.h">
      <Filter>Headers</Filter>
    </ClInclude>
    <ClInclude Include="fivebitencoding.h">
      <Filter>Headers</Filter>
    </ClInclude>
    <ClInclude Include="SearchClause.h">
      <Filter>Headers</Filter>
    </ClInclude>
    <ClInclude Include="SearchControls.h">
      <Filter>Headers</Filter>
    </ClInclude>
    <ClInclude Include="SearchFragment.h">
      <Filter>Headers</Filter>
    </ClInclude>
    <ClInclude Include="SearchRequest.h">
      <Filter>Headers</Filter>
    </ClInclude>
    <ClInclude Include="slicable.h">
      <Filter>Headers</Filter>
    </ClInclude>
    <ClInclude Include="XBitArray.h">
      <Filter>Headers</Filter>
    </ClInclude>
    <ClInclude Include="xvmem\XVMem.h">
      <Filter>framework\xvmem</Filter>
    </ClInclude>
    <ClInclude Include="xvmem\XVMem_platform.h">
      <Filter>framework\xvmem</Filter>
    </ClInclude>
    <ClInclude Include="xvmem\XVMem_windows.h">
      <Filter>framework\xvmem</Filter>
    </ClInclude>
    <ClInclude Include="foundations\avxgen.h">
      <Filter>framework\foundations</Filter>
    </ClInclude>
    <ClInclude Include="foundations\book.h">
      <Filter>framework\foundations</Filter>
    </ClInclude>
    <ClInclude Include="foundations\chapter.h">
      <Filter>framework\foundations</Filter>
    </ClInclude>
    <ClInclude Include="foundations\framework.h">
      <Filter>framework\foundations</Filter>
    </ClInclude>
    <ClInclude Include="foundations\lemmata.h">
      <Filter>framework\foundations</Filter>
    </ClInclude>
    <ClInclude Include="foundations\lexicon.h">
      <Filter>framework\foundations</Filter>
    </ClInclude>
    <ClInclude Include="foundations\names.h">
      <Filter>framework\foundations</Filter>
    </ClInclude>
    <ClInclude Include="foundations\oov_lemmata.h">
      <Filter>framework\foundations</Filter>
    </ClInclude>
    <ClInclude Include="foundations\written.h">
      <Filter>framework\foundations</Filter>
    </ClInclude>
    <ClInclude Include="DigitalAV.h">
      <Filter>framework</Filter>
    </ClInclude>
    <ClInclude Include="directory.h">
      <Filter>Headers</Filter>
    </ClInclude>
    <ClInclude Include="md5.h">
      <Filter>Headers</Filter>
    </ClInclude>
  </ItemGroup>
  <ItemGroup>
    <Text Include="CMakeLists.txt" />
    <Text Include="foundations\README.txt">
      <Filter>framework\foundations</Filter>
    </Text>
  </ItemGroup>
  <ItemGroup>
    <None Include="CMakeSettings.json" />
  </ItemGroup>
</Project>