<?xml version="1.0" encoding="utf-8"?>
<Project ToolsVersion="4.0" xmlns="http://schemas.microsoft.com/developer/msbuild/2003">
  <ItemGroup>
    <Filter Include="Manager">
      <UniqueIdentifier>{c5698b89-4474-420a-8706-259f5b8a7c0b}</UniqueIdentifier>
    </Filter>
    <Filter Include="Results">
      <UniqueIdentifier>{8b559c81-82f6-4661-abae-b28c476fb844}</UniqueIdentifier>
    </Filter>
    <Filter Include="AVX">
      <UniqueIdentifier>{4FC737F1-C7A5-4376-A066-2A32D752A2FF}</UniqueIdentifier>
      <Extensions>cpp;c;cc;cxx;c++;cppm;ixx;def;odl;idl;hpj;bat;asm;asmx</Extensions>
    </Filter>
    <Filter Include="AVX\Header Files">
      <UniqueIdentifier>{93995380-89BD-4b04-88EB-625FBE52EBFB}</UniqueIdentifier>
      <Extensions>h;hh;hpp;hxx;h++;hm;inl;inc;ipp;xsd</Extensions>
    </Filter>
  </ItemGroup>
  <ItemGroup>
    <ClCompile Include="AVXBlueprint.cpp">
      <Filter>AVX</Filter>
    </ClCompile>
    <ClCompile Include="AVXDeltaComparator.cpp">
      <Filter>AVX</Filter>
    </ClCompile>
    <ClCompile Include="AVXMatchAny.cpp">
      <Filter>AVX</Filter>
    </ClCompile>
    <ClCompile Include="AVXLemmaComparator.cpp">
      <Filter>AVX</Filter>
    </ClCompile>
    <ClCompile Include="AVXPOS16Comparator.cpp">
      <Filter>AVX</Filter>
    </ClCompile>
    <ClCompile Include="AVXPOS32Comparator.cpp">
      <Filter>AVX</Filter>
    </ClCompile>
    <ClCompile Include="AVXPuncComparator.cpp">
      <Filter>AVX</Filter>
    </ClCompile>
    <ClCompile Include="AVXSearch.cpp">
      <Filter>AVX</Filter>
    </ClCompile>
    <ClCompile Include="AVXFragment.cpp">
      <Filter>AVX</Filter>
    </ClCompile>
    <ClCompile Include="AVXStrongsComparator.cpp">
      <Filter>AVX</Filter>
    </ClCompile>
    <ClCompile Include="AVXTransitionComparator.cpp">
      <Filter>AVX</Filter>
    </ClCompile>
    <ClCompile Include="AVXWordComparator.cpp">
      <Filter>AVX</Filter>
    </ClCompile>
    <ClCompile Include="yaml\TQueryManager.cpp">
      <Filter>Manager</Filter>
    </ClCompile>
    <ClCompile Include="yaml\TClientManager.cpp">
      <Filter>Manager</Filter>
    </ClCompile>
    <ClCompile Include="yaml\TBook.cpp">
      <Filter>Results</Filter>
    </ClCompile>
    <ClCompile Include="yaml\TChapter.cpp">
      <Filter>Results</Filter>
    </ClCompile>
    <ClCompile Include="yaml\TExpression.cpp">
      <Filter>Results</Filter>
    </ClCompile>
    <ClCompile Include="yaml\TFound.cpp">
      <Filter>Results</Filter>
    </ClCompile>
    <ClCompile Include="yaml\TFragment.cpp">
      <Filter>Results</Filter>
    </ClCompile>
    <ClCompile Include="yaml\TQuery.cpp">
      <Filter>Results</Filter>
    </ClCompile>
    <ClCompile Include="yaml\TSettings.cpp">
      <Filter>Results</Filter>
    </ClCompile>
    <ClCompile Include="AVXComparator.cpp">
      <Filter>AVX</Filter>
    </ClCompile>
  </ItemGroup>
  <ItemGroup>
    <ClInclude Include="AVXBlueprint.h">
      <Filter>AVX\Header Files</Filter>
    </ClInclude>
    <ClInclude Include="AVXComparator.h">
      <Filter>AVX\Header Files</Filter>
    </ClInclude>
    <ClInclude Include="AVXDeltaComparator.h">
      <Filter>AVX\Header Files</Filter>
    </ClInclude>
    <ClInclude Include="AVXFind.h">
      <Filter>AVX\Header Files</Filter>
    </ClInclude>
    <ClInclude Include="AVXMatchAny.h">
      <Filter>AVX\Header Files</Filter>
    </ClInclude>
    <ClInclude Include="AVXLemmaComparator.h">
      <Filter>AVX\Header Files</Filter>
    </ClInclude>
    <ClInclude Include="AVXPOS16Comparator.h">
      <Filter>AVX\Header Files</Filter>
    </ClInclude>
    <ClInclude Include="AVXPOS32Comparator.h">
      <Filter>AVX\Header Files</Filter>
    </ClInclude>
    <ClInclude Include="AVXPuncComparator.h">
      <Filter>AVX\Header Files</Filter>
    </ClInclude>
    <ClInclude Include="AVXSearch.h">
      <Filter>AVX\Header Files</Filter>
    </ClInclude>
    <ClInclude Include="AVXFragment.h">
      <Filter>AVX\Header Files</Filter>
    </ClInclude>
    <ClInclude Include="AVXStrongsComparator.h">
      <Filter>AVX\Header Files</Filter>
    </ClInclude>
    <ClInclude Include="AVXTransitionComparator.h">
      <Filter>AVX\Header Files</Filter>
    </ClInclude>
    <ClInclude Include="AVXWordComparator.h">
      <Filter>AVX\Header Files</Filter>
    </ClInclude>
    <ClInclude Include="yaml\TClientManager.h">
      <Filter>Manager</Filter>
    </ClInclude>
    <ClInclude Include="yaml\TQueryManager.h">
      <Filter>Manager</Filter>
    </ClInclude>
    <ClInclude Include="yaml\TBook.h">
      <Filter>Results</Filter>
    </ClInclude>
    <ClInclude Include="yaml\TChapter.h">
      <Filter>Results</Filter>
    </ClInclude>
    <ClInclude Include="yaml\TExpression.h">
      <Filter>Results</Filter>
    </ClInclude>
    <ClInclude Include="yaml\TFound.h">
      <Filter>Results</Filter>
    </ClInclude>
    <ClInclude Include="yaml\TFragment.h">
      <Filter>Results</Filter>
    </ClInclude>
    <ClInclude Include="yaml\TMatch.h">
      <Filter>Results</Filter>
    </ClInclude>
    <ClInclude Include="yaml\TQuery.h">
      <Filter>Results</Filter>
    </ClInclude>
    <ClInclude Include="yaml\TSettings.h">
      <Filter>Results</Filter>
    </ClInclude>
    <ClInclude Include="AVXSettings.h">
      <Filter>AVX\Header Files</Filter>
    </ClInclude>
  </ItemGroup>
  <ItemGroup>
    <None Include="packages.config" />
  </ItemGroup>
</Project>