<?xml version="1.0" encoding="utf-8"?>
<Project ToolsVersion="4.0" xmlns="http://schemas.microsoft.com/developer/msbuild/2003">
  <ItemGroup>
    <Filter Include="Source Files">
      <UniqueIdentifier>{4FC737F1-C7A5-4376-A066-2A32D752A2FF}</UniqueIdentifier>
      <Extensions>cpp;c;cc;cxx;c++;cppm;ixx;def;odl;idl;hpj;bat;asm;asmx</Extensions>
    </Filter>
    <Filter Include="Header Files">
      <UniqueIdentifier>{93995380-89BD-4b04-88EB-625FBE52EBFB}</UniqueIdentifier>
      <Extensions>h;hh;hpp;hxx;h++;hm;inl;inc;ipp;xsd</Extensions>
    </Filter>
    <Filter Include="Resource Files">
      <UniqueIdentifier>{67DA6AB6-F800-4c08-8B7A-83BB121AAD01}</UniqueIdentifier>
      <Extensions>rc;ico;cur;bmp;dlg;rc2;rct;bin;rgs;gif;jpg;jpeg;jpe;resx;tiff;tif;png;wav;mfcribbon-ms</Extensions>
    </Filter>
  </ItemGroup>
  <ItemGroup>
    <ClCompile Include="..\omega\foundations\cpp\book_index.cpp">
      <Filter>Source Files</Filter>
    </ClCompile>
    <ClCompile Include="..\omega\foundations\cpp\chapter_index.cpp">
      <Filter>Source Files</Filter>
    </ClCompile>
    <ClCompile Include="..\omega\foundations\cpp\lemmata.cpp">
      <Filter>Source Files</Filter>
    </ClCompile>
    <ClCompile Include="..\omega\foundations\cpp\lexicon.cpp">
      <Filter>Source Files</Filter>
    </ClCompile>
    <ClCompile Include="..\omega\foundations\cpp\library.cpp">
      <Filter>Source Files</Filter>
    </ClCompile>
    <ClCompile Include="..\omega\foundations\cpp\names.cpp">
      <Filter>Source Files</Filter>
    </ClCompile>
    <ClCompile Include="..\omega\foundations\cpp\oov_lemmata.cpp">
      <Filter>Source Files</Filter>
    </ClCompile>
    <ClCompile Include="..\omega\foundations\cpp\verse_index.cpp">
      <Filter>Source Files</Filter>
    </ClCompile>
    <ClCompile Include="..\omega\foundations\cpp\written\written_01.cpp">
      <Filter>Source Files</Filter>
    </ClCompile>
    <ClCompile Include="..\omega\foundations\cpp\written\written_02.cpp">
      <Filter>Source Files</Filter>
    </ClCompile>
    <ClCompile Include="..\omega\foundations\cpp\written\written_03.cpp">
      <Filter>Source Files</Filter>
    </ClCompile>
    <ClCompile Include="..\omega\foundations\cpp\written\written_04.cpp">
      <Filter>Source Files</Filter>
    </ClCompile>
    <ClCompile Include="..\omega\foundations\cpp\written\written_05.cpp">
      <Filter>Source Files</Filter>
    </ClCompile>
    <ClCompile Include="..\omega\foundations\cpp\written\written_06.cpp">
      <Filter>Source Files</Filter>
    </ClCompile>
    <ClCompile Include="..\omega\foundations\cpp\written\written_07.cpp">
      <Filter>Source Files</Filter>
    </ClCompile>
    <ClCompile Include="..\omega\foundations\cpp\written\written_08.cpp">
      <Filter>Source Files</Filter>
    </ClCompile>
    <ClCompile Include="..\omega\foundations\cpp\written\written_09.cpp">
      <Filter>Source Files</Filter>
    </ClCompile>
    <ClCompile Include="..\omega\foundations\cpp\written\written_10.cpp">
      <Filter>Source Files</Filter>
    </ClCompile>
    <ClCompile Include="..\omega\foundations\cpp\written\written_11.cpp">
      <Filter>Source Files</Filter>
    </ClCompile>
    <ClCompile Include="..\omega\foundations\cpp\written\written_12.cpp">
      <Filter>Source Files</Filter>
    </ClCompile>
    <ClCompile Include="..\omega\foundations\cpp\written\written_13.cpp">
      <Filter>Source Files</Filter>
    </ClCompile>
    <ClCompile Include="..\omega\foundations\cpp\written\written_14.cpp">
      <Filter>Source Files</Filter>
    </ClCompile>
    <ClCompile Include="..\omega\foundations\cpp\written\written_15.cpp">
      <Filter>Source Files</Filter>
    </ClCompile>
    <ClCompile Include="..\omega\foundations\cpp\written\written_16.cpp">
      <Filter>Source Files</Filter>
    </ClCompile>
    <ClCompile Include="..\omega\foundations\cpp\written\written_17.cpp">
      <Filter>Source Files</Filter>
    </ClCompile>
    <ClCompile Include="..\omega\foundations\cpp\written\written_18.cpp">
      <Filter>Source Files</Filter>
    </ClCompile>
    <ClCompile Include="..\omega\foundations\cpp\written\written_19.cpp">
      <Filter>Source Files</Filter>
    </ClCompile>
    <ClCompile Include="..\omega\foundations\cpp\written\written_20.cpp">
      <Filter>Source Files</Filter>
    </ClCompile>
    <ClCompile Include="..\omega\foundations\cpp\written\written_21.cpp">
      <Filter>Source Files</Filter>
    </ClCompile>
    <ClCompile Include="..\omega\foundations\cpp\written\written_22.cpp">
      <Filter>Source Files</Filter>
    </ClCompile>
    <ClCompile Include="..\omega\foundations\cpp\written\written_23.cpp">
      <Filter>Source Files</Filter>
    </ClCompile>
    <ClCompile Include="..\omega\foundations\cpp\written\written_24.cpp">
      <Filter>Source Files</Filter>
    </ClCompile>
    <ClCompile Include="..\omega\foundations\cpp\written\written_25.cpp">
      <Filter>Source Files</Filter>
    </ClCompile>
    <ClCompile Include="..\omega\foundations\cpp\written\written_26.cpp">
      <Filter>Source Files</Filter>
    </ClCompile>
    <ClCompile Include="..\omega\foundations\cpp\written\written_27.cpp">
      <Filter>Source Files</Filter>
    </ClCompile>
    <ClCompile Include="..\omega\foundations\cpp\written\written_28.cpp">
      <Filter>Source Files</Filter>
    </ClCompile>
    <ClCompile Include="..\omega\foundations\cpp\written\written_29.cpp">
      <Filter>Source Files</Filter>
    </ClCompile>
    <ClCompile Include="..\omega\foundations\cpp\written\written_30.cpp">
      <Filter>Source Files</Filter>
    </ClCompile>
    <ClCompile Include="..\omega\foundations\cpp\written\written_31.cpp">
      <Filter>Source Files</Filter>
    </ClCompile>
    <ClCompile Include="..\omega\foundations\cpp\written\written_32.cpp">
      <Filter>Source Files</Filter>
    </ClCompile>
    <ClCompile Include="..\omega\foundations\cpp\written\written_33.cpp">
      <Filter>Source Files</Filter>
    </ClCompile>
    <ClCompile Include="..\omega\foundations\cpp\written\written_34.cpp">
      <Filter>Source Files</Filter>
    </ClCompile>
    <ClCompile Include="..\omega\foundations\cpp\written\written_35.cpp">
      <Filter>Source Files</Filter>
    </ClCompile>
    <ClCompile Include="..\omega\foundations\cpp\written\written_36.cpp">
      <Filter>Source Files</Filter>
    </ClCompile>
    <ClCompile Include="..\omega\foundations\cpp\written\written_37.cpp">
      <Filter>Source Files</Filter>
    </ClCompile>
    <ClCompile Include="..\omega\foundations\cpp\written\written_38.cpp">
      <Filter>Source Files</Filter>
    </ClCompile>
    <ClCompile Include="..\omega\foundations\cpp\written\written_39.cpp">
      <Filter>Source Files</Filter>
    </ClCompile>
    <ClCompile Include="..\omega\foundations\cpp\written\written_40.cpp">
      <Filter>Source Files</Filter>
    </ClCompile>
    <ClCompile Include="..\omega\foundations\cpp\written\written_41.cpp">
      <Filter>Source Files</Filter>
    </ClCompile>
    <ClCompile Include="..\omega\foundations\cpp\written\written_42.cpp">
      <Filter>Source Files</Filter>
    </ClCompile>
    <ClCompile Include="..\omega\foundations\cpp\written\written_43.cpp">
      <Filter>Source Files</Filter>
    </ClCompile>
    <ClCompile Include="..\omega\foundations\cpp\written\written_44.cpp">
      <Filter>Source Files</Filter>
    </ClCompile>
    <ClCompile Include="..\omega\foundations\cpp\written\written_45.cpp">
      <Filter>Source Files</Filter>
    </ClCompile>
    <ClCompile Include="..\omega\foundations\cpp\written\written_46.cpp">
      <Filter>Source Files</Filter>
    </ClCompile>
    <ClCompile Include="..\omega\foundations\cpp\written\written_47.cpp">
      <Filter>Source Files</Filter>
    </ClCompile>
    <ClCompile Include="..\omega\foundations\cpp\written\written_48.cpp">
      <Filter>Source Files</Filter>
    </ClCompile>
    <ClCompile Include="..\omega\foundations\cpp\written\written_49.cpp">
      <Filter>Source Files</Filter>
    </ClCompile>
    <ClCompile Include="..\omega\foundations\cpp\written\written_50.cpp">
      <Filter>Source Files</Filter>
    </ClCompile>
    <ClCompile Include="..\omega\foundations\cpp\written\written_51.cpp">
      <Filter>Source Files</Filter>
    </ClCompile>
    <ClCompile Include="..\omega\foundations\cpp\written\written_52.cpp">
      <Filter>Source Files</Filter>
    </ClCompile>
    <ClCompile Include="..\omega\foundations\cpp\written\written_53.cpp">
      <Filter>Source Files</Filter>
    </ClCompile>
    <ClCompile Include="..\omega\foundations\cpp\written\written_54.cpp">
      <Filter>Source Files</Filter>
    </ClCompile>
    <ClCompile Include="..\omega\foundations\cpp\written\written_55.cpp">
      <Filter>Source Files</Filter>
    </ClCompile>
    <ClCompile Include="..\omega\foundations\cpp\written\written_56.cpp">
      <Filter>Source Files</Filter>
    </ClCompile>
    <ClCompile Include="..\omega\foundations\cpp\written\written_57.cpp">
      <Filter>Source Files</Filter>
    </ClCompile>
    <ClCompile Include="..\omega\foundations\cpp\written\written_58.cpp">
      <Filter>Source Files</Filter>
    </ClCompile>
    <ClCompile Include="..\omega\foundations\cpp\written\written_59.cpp">
      <Filter>Source Files</Filter>
    </ClCompile>
    <ClCompile Include="..\omega\foundations\cpp\written\written_60.cpp">
      <Filter>Source Files</Filter>
    </ClCompile>
    <ClCompile Include="..\omega\foundations\cpp\written\written_61.cpp">
      <Filter>Source Files</Filter>
    </ClCompile>
    <ClCompile Include="..\omega\foundations\cpp\written\written_62.cpp">
      <Filter>Source Files</Filter>
    </ClCompile>
    <ClCompile Include="..\omega\foundations\cpp\written\written_63.cpp">
      <Filter>Source Files</Filter>
    </ClCompile>
    <ClCompile Include="..\omega\foundations\cpp\written\written_64.cpp">
      <Filter>Source Files</Filter>
    </ClCompile>
    <ClCompile Include="..\omega\foundations\cpp\written\written_65.cpp">
      <Filter>Source Files</Filter>
    </ClCompile>
    <ClCompile Include="..\omega\foundations\cpp\written\written_66.cpp">
      <Filter>Source Files</Filter>
    </ClCompile>
    <ClCompile Include="AVXDeltaComparator.cpp">
      <Filter>Source Files</Filter>
    </ClCompile>
    <ClCompile Include="AVXFind.cpp">
      <Filter>Source Files</Filter>
    </ClCompile>
    <ClCompile Include="AVXFound.cpp">
      <Filter>Source Files</Filter>
    </ClCompile>
    <ClCompile Include="AVXFragment.cpp">
      <Filter>Source Files</Filter>
    </ClCompile>
    <ClCompile Include="AVXLemmaComparator.cpp">
      <Filter>Source Files</Filter>
    </ClCompile>
    <ClCompile Include="AVXMatch.cpp">
      <Filter>Source Files</Filter>
    </ClCompile>
    <ClCompile Include="AVXPOS16Comparator.cpp">
      <Filter>Source Files</Filter>
    </ClCompile>
    <ClCompile Include="AVXPOS32Comparator.cpp">
      <Filter>Source Files</Filter>
    </ClCompile>
    <ClCompile Include="AVXPuncComparator.cpp">
      <Filter>Source Files</Filter>
    </ClCompile>
    <ClCompile Include="AVXRender.cpp">
      <Filter>Source Files</Filter>
    </ClCompile>
    <ClCompile Include="AVXResults.cpp">
      <Filter>Source Files</Filter>
    </ClCompile>
    <ClCompile Include="AVXSearch.cpp">
      <Filter>Source Files</Filter>
    </ClCompile>
    <ClCompile Include="AVXSegment.cpp">
      <Filter>Source Files</Filter>
    </ClCompile>
    <ClCompile Include="AVXStrongsComparator.cpp">
      <Filter>Source Files</Filter>
    </ClCompile>
    <ClCompile Include="AVXTransitionComparator.cpp">
      <Filter>Source Files</Filter>
    </ClCompile>
    <ClCompile Include="AVXWordComparator.cpp">
      <Filter>Source Files</Filter>
    </ClCompile>
    <ClCompile Include="..\..\blueprint-blue\Blueprint-Blue-gRPC\blueprint_blue.grpc.fb.cc">
      <Filter>Source Files</Filter>
    </ClCompile>
  </ItemGroup>
  <ItemGroup>
    <ClInclude Include="..\omega\foundations\cpp\avxgen.h">
      <Filter>Header Files</Filter>
    </ClInclude>
    <ClInclude Include="..\omega\foundations\cpp\book_index.h">
      <Filter>Header Files</Filter>
    </ClInclude>
    <ClInclude Include="..\omega\foundations\cpp\chapter_index.h">
      <Filter>Header Files</Filter>
    </ClInclude>
    <ClInclude Include="..\omega\foundations\cpp\framework.h">
      <Filter>Header Files</Filter>
    </ClInclude>
    <ClInclude Include="..\omega\foundations\cpp\lemmata.h">
      <Filter>Header Files</Filter>
    </ClInclude>
    <ClInclude Include="..\omega\foundations\cpp\lexicon.h">
      <Filter>Header Files</Filter>
    </ClInclude>
    <ClInclude Include="..\omega\foundations\cpp\names.h">
      <Filter>Header Files</Filter>
    </ClInclude>
    <ClInclude Include="..\omega\foundations\cpp\oov_lemmata.h">
      <Filter>Header Files</Filter>
    </ClInclude>
    <ClInclude Include="..\omega\foundations\cpp\verse_index.h">
      <Filter>Header Files</Filter>
    </ClInclude>
    <ClInclude Include="..\omega\foundations\cpp\written.h">
      <Filter>Header Files</Filter>
    </ClInclude>
    <ClInclude Include="AVXComparator.h">
      <Filter>Header Files</Filter>
    </ClInclude>
    <ClInclude Include="AVXDeltaComparator.h">
      <Filter>Header Files</Filter>
    </ClInclude>
    <ClInclude Include="AVXFind.h">
      <Filter>Header Files</Filter>
    </ClInclude>
    <ClInclude Include="AVXFound.h">
      <Filter>Header Files</Filter>
    </ClInclude>
    <ClInclude Include="AVXFragment.h">
      <Filter>Header Files</Filter>
    </ClInclude>
    <ClInclude Include="AVXLemmaComparator.h">
      <Filter>Header Files</Filter>
    </ClInclude>
    <ClInclude Include="AVXMatch.h">
      <Filter>Header Files</Filter>
    </ClInclude>
    <ClInclude Include="AVXPOS16Comparator.h">
      <Filter>Header Files</Filter>
    </ClInclude>
    <ClInclude Include="AVXPOS32Comparator.h">
      <Filter>Header Files</Filter>
    </ClInclude>
    <ClInclude Include="AVXPuncComparator.h">
      <Filter>Header Files</Filter>
    </ClInclude>
    <ClInclude Include="AVXRender.h">
      <Filter>Header Files</Filter>
    </ClInclude>
    <ClInclude Include="AVXResults.h">
      <Filter>Header Files</Filter>
    </ClInclude>
    <ClInclude Include="AVXSearch.h">
      <Filter>Header Files</Filter>
    </ClInclude>
    <ClInclude Include="AVXSegment.h">
      <Filter>Header Files</Filter>
    </ClInclude>
    <ClInclude Include="AVXStrongsComparator.h">
      <Filter>Header Files</Filter>
    </ClInclude>
    <ClInclude Include="AVXTransitionComparator.h">
      <Filter>Header Files</Filter>
    </ClInclude>
    <ClInclude Include="AVXWordComparator.h">
      <Filter>Header Files</Filter>
    </ClInclude>
  </ItemGroup>
</Project>