<?xml version="1.0" encoding="utf-8"?>
<Project ToolsVersion="4.0" xmlns="http://schemas.microsoft.com/developer/msbuild/2003">
  <ItemGroup>
    <Filter Include="Manager">
      <UniqueIdentifier>{c5698b89-4474-420a-8706-259f5b8a7c0b}</UniqueIdentifier>
    </Filter>
    <Filter Include="Results">
      <UniqueIdentifier>{8b559c81-82f6-4661-abae-b28c476fb844}</UniqueIdentifier>
    </Filter>
    <Filter Include="AVX">
      <UniqueIdentifier>{4FC737F1-C7A5-4376-A066-2A32D752A2FF}</UniqueIdentifier>
      <Extensions>cpp;c;cc;cxx;c++;cppm;ixx;def;odl;idl;hpj;bat;asm;asmx</Extensions>
    </Filter>
  </ItemGroup>
  <ItemGroup>
    <ClCompile Include="AVXBlueprint.cpp">
      <Filter>AVX</Filter>
    </ClCompile>
    <ClCompile Include="AVXDeltaComparator.cpp">
      <Filter>AVX</Filter>
    </ClCompile>
    <ClCompile Include="AVXMatchAny.cpp">
      <Filter>AVX</Filter>
    </ClCompile>
    <ClCompile Include="AVXLemmaComparator.cpp">
      <Filter>AVX</Filter>
    </ClCompile>
    <ClCompile Include="AVXPOS16Comparator.cpp">
      <Filter>AVX</Filter>
    </ClCompile>
    <ClCompile Include="AVXPOS32Comparator.cpp">
      <Filter>AVX</Filter>
    </ClCompile>
    <ClCompile Include="AVXPuncComparator.cpp">
      <Filter>AVX</Filter>
    </ClCompile>
    <ClCompile Include="AVXFragment.cpp">
      <Filter>AVX</Filter>
    </ClCompile>
    <ClCompile Include="AVXStrongsComparator.cpp">
      <Filter>AVX</Filter>
    </ClCompile>
    <ClCompile Include="AVXTransitionComparator.cpp">
      <Filter>AVX</Filter>
    </ClCompile>
    <ClCompile Include="AVXWordComparator.cpp">
      <Filter>AVX</Filter>
    </ClCompile>
    <ClCompile Include="AVXComparator.cpp">
      <Filter>AVX</Filter>
    </ClCompile>
    <ClCompile Include="TBook.cpp">
      <Filter>Results</Filter>
    </ClCompile>
    <ClCompile Include="TChapter.cpp">
      <Filter>Results</Filter>
    </ClCompile>
    <ClCompile Include="TExpression.cpp">
      <Filter>Results</Filter>
    </ClCompile>
    <ClCompile Include="TMatch.cpp">
      <Filter>Results</Filter>
    </ClCompile>
    <ClCompile Include="TQuery.cpp">
      <Filter>Results</Filter>
    </ClCompile>
    <ClCompile Include="TQueryManager.cpp">
      <Filter>Manager</Filter>
    </ClCompile>
    <ClCompile Include="TClientManager.cpp">
      <Filter>Manager</Filter>
    </ClCompile>
    <ClCompile Include="TFragment.cpp">
      <Filter>Results</Filter>
    </ClCompile>
    <ClCompile Include="TSettings.cpp">
      <Filter>Results</Filter>
    </ClCompile>
  </ItemGroup>
  <ItemGroup>
    <ClInclude Include="TBook.h">
      <Filter>Results</Filter>
    </ClInclude>
    <ClInclude Include="TChapter.h">
      <Filter>Results</Filter>
    </ClInclude>
    <ClInclude Include="TExpression.h">
      <Filter>Results</Filter>
    </ClInclude>
    <ClInclude Include="TMatch.h">
      <Filter>Results</Filter>
    </ClInclude>
    <ClInclude Include="TTag.h">
      <Filter>Results</Filter>
    </ClInclude>
    <ClInclude Include="TQuery.h">
      <Filter>Results</Filter>
    </ClInclude>
    <ClInclude Include="TQueryManager.h">
      <Filter>Manager</Filter>
    </ClInclude>
    <ClInclude Include="TClientManager.h">
      <Filter>Manager</Filter>
    </ClInclude>
    <ClInclude Include="TFragment.h">
      <Filter>Results</Filter>
    </ClInclude>
    <ClInclude Include="TFeature.h">
      <Filter>Results</Filter>
    </ClInclude>
    <ClInclude Include="TSettings.h">
      <Filter>Results</Filter>
    </ClInclude>
    <ClInclude Include="Serialization.h">
      <Filter>Results</Filter>
    </ClInclude>
    <ClInclude Include="IBuild.h">
      <Filter>Results</Filter>
    </ClInclude>
    <ClInclude Include="TOptions.h">
      <Filter>Results</Filter>
    </ClInclude>
    <ClInclude Include="AVXBlueprint.h">
      <Filter>AVX</Filter>
    </ClInclude>
    <ClInclude Include="AVXComparator.h">
      <Filter>AVX</Filter>
    </ClInclude>
    <ClInclude Include="AVXDeltaComparator.h">
      <Filter>AVX</Filter>
    </ClInclude>
    <ClInclude Include="AVXFind.h">
      <Filter>AVX</Filter>
    </ClInclude>
    <ClInclude Include="AVXFragment.h">
      <Filter>AVX</Filter>
    </ClInclude>
    <ClInclude Include="AVXLemmaComparator.h">
      <Filter>AVX</Filter>
    </ClInclude>
    <ClInclude Include="AVXMatchAny.h">
      <Filter>AVX</Filter>
    </ClInclude>
    <ClInclude Include="AVXPOS16Comparator.h">
      <Filter>AVX</Filter>
    </ClInclude>
    <ClInclude Include="AVXPOS32Comparator.h">
      <Filter>AVX</Filter>
    </ClInclude>
    <ClInclude Include="AVXPuncComparator.h">
      <Filter>AVX</Filter>
    </ClInclude>
    <ClInclude Include="AVXSettings.h">
      <Filter>AVX</Filter>
    </ClInclude>
    <ClInclude Include="AVXStrongsComparator.h">
      <Filter>AVX</Filter>
    </ClInclude>
    <ClInclude Include="AVXTransitionComparator.h">
      <Filter>AVX</Filter>
    </ClInclude>
    <ClInclude Include="AVXWordComparator.h">
      <Filter>AVX</Filter>
    </ClInclude>
  </ItemGroup>
  <ItemGroup>
    <None Include="packages.config" />
  </ItemGroup>
</Project>